
Microsoft Visual Studio Solution File, Format Version 12.00
# Visual Studio Version 17
VisualStudioVersion = 17.10.34928.147
MinimumVisualStudioVersion = 10.0.40219.1
Project("{FAE04EC0-301F-11D3-BF4B-00C04F79EFBC}") = "API_GP_VentaCorta", "API_GP_VentaCorta\API_GP_VentaCorta.csproj", "{597AA6A8-10A6-4E84-B209-DE2FD9F514EF}"
EndProject
Project("{E53339B2-1760-4266-BCC7-CA923CBCF16C}") = "docker-compose", "docker-compose.dcproj", "{2E13CED6-9AB6-4167-87AA-097C5C2927A0}"
EndProject
Global
	GlobalSection(SolutionConfigurationPlatforms) = preSolution
		Debug|Any CPU = Debug|Any CPU
		Release|Any CPU = Release|Any CPU
	EndGlobalSection
	GlobalSection(ProjectConfigurationPlatforms) = postSolution
		{597AA6A8-10A6-4E84-B209-DE2FD9F514EF}.Debug|Any CPU.ActiveCfg = Debug|Any CPU
		{597AA6A8-10A6-4E84-B209-DE2FD9F514EF}.Debug|Any CPU.Build.0 = Debug|Any CPU
		{597AA6A8-10A6-4E84-B209-DE2FD9F514EF}.Release|Any CPU.ActiveCfg = Release|Any CPU
		{597AA6A8-10A6-4E84-B209-DE2FD9F514EF}.Release|Any CPU.Build.0 = Release|Any CPU
		{2E13CED6-9AB6-4167-87AA-097C5C2927A0}.Debug|Any CPU.ActiveCfg = Debug|Any CPU
		{2E13CED6-9AB6-4167-87AA-097C5C2927A0}.Debug|Any CPU.Build.0 = Debug|Any CPU
		{2E13CED6-9AB6-4167-87AA-097C5C2927A0}.Release|Any CPU.ActiveCfg = Release|Any CPU
		{2E13CED6-9AB6-4167-87AA-097C5C2927A0}.Release|Any CPU.Build.0 = Release|Any CPU
	EndGlobalSection
	GlobalSection(SolutionProperties) = preSolution
		HideSolutionNode = FALSE
	EndGlobalSection
	GlobalSection(ExtensibilityGlobals) = postSolution
		SolutionGuid = {206882AC-D551-47A9-B603-AA290973DF4B}
	EndGlobalSection
EndGlobal
